{
  "name": "authStudy",
  "lockfileVersion": 3,
  "requires": true,
  "packages": {
    "": {
      "dependencies": {
        "@tanstack/react-query": "^5.80.10"
      },
      "devDependencies": {
        "prettier": "3.5.3"
      }
    },
    "node_modules/@tanstack/query-core": {
      "version": "5.80.10",
      "resolved": "https://registry.npmjs.org/@tanstack/query-core/-/query-core-5.80.10.tgz",
      "integrity": "sha512-mUNQOtzxkjL6jLbyChZoSBP6A5gQDVRUiPvW+/zw/9ftOAz+H754zCj3D8PwnzPKyHzGkQ9JbH48ukhym9LK1Q==",
      "license": "MIT",
      "funding": {
        "type": "github",
        "url": "https://github.com/sponsors/tannerlinsley"
      }
    },
    "node_modules/@tanstack/react-query": {
      "version": "5.80.10",
      "resolved": "https://registry.npmjs.org/@tanstack/react-query/-/react-query-5.80.10.tgz",
      "integrity": "sha512-6zM098J8sLy9oU60XAdzUlAH4wVzoMVsWUWiiE/Iz4fd67PplxeyL4sw/MPcVJJVhbwGGXCsHn9GrQt2mlAzig==",
      "license": "MIT",
      "dependencies": {
        "@tanstack/query-core": "5.80.10"
      },
      "funding": {
        "type": "github",
        "url": "https://github.com/sponsors/tannerlinsley"
      },
      "peerDependencies": {
        "react": "^18 || ^19"
      }
    },
    "node_modules/prettier": {
      "version": "3.5.3",
      "resolved": "https://registry.npmjs.org/prettier/-/prettier-3.5.3.tgz",
      "integrity": "sha512-QQtaxnoDJeAkDvDKWCLiwIXkTgRhwYDEQCghU9Z6q03iyek/rxRh/2lC3HB7P8sWT2xC/y5JDctPLBIGzHKbhw==",
      "dev": true,
      "license": "MIT",
      "bin": {
        "prettier": "bin/prettier.cjs"
      },
      "engines": {
        "node": ">=14"
      },
      "funding": {
        "url": "https://github.com/prettier/prettier?sponsor=1"
      }
    },
    "node_modules/react": {
      "version": "19.1.0",
      "resolved": "https://registry.npmjs.org/react/-/react-19.1.0.tgz",
      "integrity": "sha512-FS+XFBNvn3GTAWq26joslQgWNoFu08F4kl0J4CgdNKADkdSGXQyTCnKteIAJy96Br6YbpEU1LSzV5dYtjMkMDg==",
      "license": "MIT",
      "peer": true,
      "engines": {
        "node": ">=0.10.0"
      }
    }
  }
}
